
Microsoft Visual Studio Solution File, Format Version 12.00
# Visual Studio Version 17
VisualStudioVersion = 17.8.34322.80
MinimumVisualStudioVersion = 10.0.40219.1
Project("{FAE04EC0-301F-11D3-BF4B-00C04F79EFBC}") = "Project_Cinema", "Project_Cinema\Project_Cinema.csproj", "{9B3CA95D-6406-48AA-B276-D4CFEE07F3CD}"
EndProject
Global
	GlobalSection(SolutionConfigurationPlatforms) = preSolution
		Debug|Any CPU = Debug|Any CPU
		Release|Any CPU = Release|Any CPU
	EndGlobalSection
	GlobalSection(ProjectConfigurationPlatforms) = postSolution
		{9B3CA95D-6406-48AA-B276-D4CFEE07F3CD}.Debug|Any CPU.ActiveCfg = Debug|Any CPU
		{9B3CA95D-6406-48AA-B276-D4CFEE07F3CD}.Debug|Any CPU.Build.0 = Debug|Any CPU
		{9B3CA95D-6406-48AA-B276-D4CFEE07F3CD}.Release|Any CPU.ActiveCfg = Release|Any CPU
		{9B3CA95D-6406-48AA-B276-D4CFEE07F3CD}.Release|Any CPU.Build.0 = Release|Any CPU
	EndGlobalSection
	GlobalSection(SolutionProperties) = preSolution
		HideSolutionNode = FALSE
	EndGlobalSection
	GlobalSection(ExtensibilityGlobals) = postSolution
		SolutionGuid = {38A44DB3-97E7-403A-AFD5-BA9BE49C79B4}
	EndGlobalSection
EndGlobal
